// !$*UTF8*$!
{
	archiveVersion = 1;
	classes = {
	};
	objectVersion = 50;
	objects = {

/* Begin PBXBuildFile section */
		614A1D3F2627506000A72AE2 /* AppDelegate.swift in Sources */ = {isa = PBXBuildFile; fileRef = 614A1D3E2627506000A72AE2 /* AppDelegate.swift */; };
		614A1D412627506000A72AE2 /* SceneDelegate.swift in Sources */ = {isa = PBXBuildFile; fileRef = 614A1D402627506000A72AE2 /* SceneDelegate.swift */; };
		614A1D432627506000A72AE2 /* ViewController.swift in Sources */ = {isa = PBXBuildFile; fileRef = 614A1D422627506000A72AE2 /* ViewController.swift */; };
		614A1D462627506000A72AE2 /* Main.storyboard in Resources */ = {isa = PBXBuildFile; fileRef = 614A1D442627506000A72AE2 /* Main.storyboard */; };
		614A1D482627506300A72AE2 /* Assets.xcassets in Resources */ = {isa = PBXBuildFile; fileRef = 614A1D472627506300A72AE2 /* Assets.xcassets */; };
		614A1D4B2627506300A72AE2 /* LaunchScreen.storyboard in Resources */ = {isa = PBXBuildFile; fileRef = 614A1D492627506300A72AE2 /* LaunchScreen.storyboard */; };
		614A1D562627506300A72AE2 /* Hackwich11Tests.swift in Sources */ = {isa = PBXBuildFile; fileRef = 614A1D552627506300A72AE2 /* Hackwich11Tests.swift */; };
		614A1D612627506300A72AE2 /* Hackwich11UITests.swift in Sources */ = {isa = PBXBuildFile; fileRef = 614A1D602627506300A72AE2 /* Hackwich11UITests.swift */; };
		614A1D75262753F300A72AE2 /* RestaurantAnnotation.swift in Sources */ = {isa = PBXBuildFile; fileRef = 614A1D74262753F300A72AE2 /* RestaurantAnnotation.swift */; };
/* End PBXBuildFile section */

/* Begin PBXContainerItemProxy section */
		614A1D522627506300A72AE2 /* PBXContainerItemProxy */ = {
			isa = PBXContainerItemProxy;
			containerPortal = 614A1D332627506000A72AE2 /* Project object */;
			proxyType = 1;
			remoteGlobalIDString = 614A1D3A2627506000A72AE2;
			remoteInfo = Hackwich11;
		};
		614A1D5D2627506300A72AE2 /* PBXContainerItemProxy */ = {
			isa = PBXContainerItemProxy;
			containerPortal = 614A1D332627506000A72AE2 /* Project object */;
			proxyType = 1;
			remoteGlobalIDString = 614A1D3A2627506000A72AE2;
			remoteInfo = Hackwich11;
		};
/* End PBXContainerItemProxy section */

/* Begin PBXFileReference section */
		614A1D3B2627506000A72AE2 /* Hackwich11.app */ = {isa = PBXFileReference; explicitFileType = wrapper.application; includeInIndex = 0; path = Hackwich11.app; sourceTree = BUILT_PRODUCTS_DIR; };
		614A1D3E2627506000A72AE2 /* AppDelegate.swift */ = {isa = PBXFileReference; lastKnownFileType = sourcecode.swift; path = AppDelegate.swift; sourceTree = "<group>"; };
		614A1D402627506000A72AE2 /* SceneDelegate.swift */ = {isa = PBXFileReference; lastKnownFileType = sourcecode.swift; path = SceneDelegate.swift; sourceTree = "<group>"; };
		614A1D422627506000A72AE2 /* ViewController.swift */ = {isa = PBXFileReference; lastKnownFileType = sourcecode.swift; path = ViewController.swift; sourceTree = "<group>"; };
		614A1D452627506000A72AE2 /* Base */ = {isa = PBXFileReference; lastKnownFileType = file.storyboard; name = Base; path = Base.lproj/Main.storyboard; sourceTree = "<group>"; };
		614A1D472627506300A72AE2 /* Assets.xcassets */ = {isa = PBXFileReference; lastKnownFileType = folder.assetcatalog; path = Assets.xcassets; sourceTree = "<group>"; };
		614A1D4A2627506300A72AE2 /* Base */ = {isa = PBXFileReference; lastKnownFileType = file.storyboard; name = Base; path = Base.lproj/LaunchScreen.storyboard; sourceTree = "<group>"; };
		614A1D4C2627506300A72AE2 /* Info.plist */ = {isa = PBXFileReference; lastKnownFileType = text.plist.xml; path = Info.plist; sourceTree = "<group>"; };
		614A1D512627506300A72AE2 /* Hackwich11Tests.xctest */ = {isa = PBXFileReference; explicitFileType = wrapper.cfbundle; includeInIndex = 0; path = Hackwich11Tests.xctest; sourceTree = BUILT_PRODUCTS_DIR; };
		614A1D552627506300A72AE2 /* Hackwich11Tests.swift */ = {isa = PBXFileReference; lastKnownFileType = sourcecode.swift; path = Hackwich11Tests.swift; sourceTree = "<group>"; };
		614A1D572627506300A72AE2 /* Info.plist */ = {isa = PBXFileReference; lastKnownFileType = text.plist.xml; path = Info.plist; sourceTree = "<group>"; };
		614A1D5C2627506300A72AE2 /* Hackwich11UITests.xctest */ = {isa = PBXFileReference; explicitFileType = wrapper.cfbundle; includeInIndex = 0; path = Hackwich11UITests.xctest; sourceTree = BUILT_PRODUCTS_DIR; };
		614A1D602627506300A72AE2 /* Hackwich11UITests.swift */ = {isa = PBXFileReference; lastKnownFileType = sourcecode.swift; path = Hackwich11UITests.swift; sourceTree = "<group>"; };
		614A1D622627506300A72AE2 /* Info.plist */ = {isa = PBXFileReference; lastKnownFileType = text.plist.xml; path = Info.plist; sourceTree = "<group>"; };
		614A1D74262753F300A72AE2 /* RestaurantAnnotation.swift */ = {isa = PBXFileReference; lastKnownFileType = sourcecode.swift; path = RestaurantAnnotation.swift; sourceTree = "<group>"; };
/* End PBXFileReference section */

/* Begin PBXFrameworksBuildPhase section */
		614A1D382627506000A72AE2 /* Frameworks */ = {
			isa = PBXFrameworksBuildPhase;
			buildActionMask = 2147483647;
			files = (
			);
			runOnlyForDeploymentPostprocessing = 0;
		};
		614A1D4E2627506300A72AE2 /* Frameworks */ = {
			isa = PBXFrameworksBuildPhase;
			buildActionMask = 2147483647;
			files = (
			);
			runOnlyForDeploymentPostprocessing = 0;
		};
		614A1D592627506300A72AE2 /* Frameworks */ = {
			isa = PBXFrameworksBuildPhase;
			buildActionMask = 2147483647;
			files = (
			);
			runOnlyForDeploymentPostprocessing = 0;
		};
/* End PBXFrameworksBuildPhase section */

/* Begin PBXGroup section */
		614A1D322627506000A72AE2 = {
			isa = PBXGroup;
			children = (
				614A1D3D2627506000A72AE2 /* Hackwich11 */,
				614A1D542627506300A72AE2 /* Hackwich11Tests */,
				614A1D5F2627506300A72AE2 /* Hackwich11UITests */,
				614A1D3C2627506000A72AE2 /* Products */,
			);
			sourceTree = "<group>";
		};
		614A1D3C2627506000A72AE2 /* Products */ = {
			isa = PBXGroup;
			children = (
				614A1D3B2627506000A72AE2 /* Hackwich11.app */,
				614A1D512627506300A72AE2 /* Hackwich11Tests.xctest */,
				614A1D5C2627506300A72AE2 /* Hackwich11UITests.xctest */,
			);
			name = Products;
			sourceTree = "<group>";
		};
		614A1D3D2627506000A72AE2 /* Hackwich11 */ = {
			isa = PBXGroup;
			children = (
				614A1D3E2627506000A72AE2 /* AppDelegate.swift */,
				614A1D402627506000A72AE2 /* SceneDelegate.swift */,
				614A1D422627506000A72AE2 /* ViewController.swift */,
				614A1D74262753F300A72AE2 /* RestaurantAnnotation.swift */,
				614A1D442627506000A72AE2 /* Main.storyboard */,
				614A1D472627506300A72AE2 /* Assets.xcassets */,
				614A1D492627506300A72AE2 /* LaunchScreen.storyboard */,
				614A1D4C2627506300A72AE2 /* Info.plist */,
			);
			path = Hackwich11;
			sourceTree = "<group>";
		};
		614A1D542627506300A72AE2 /* Hackwich11Tests */ = {
			isa = PBXGroup;
			children = (
				614A1D552627506300A72AE2 /* Hackwich11Tests.swift */,
				614A1D572627506300A72AE2 /* Info.plist */,
			);
			path = Hackwich11Tests;
			sourceTree = "<group>";
		};
		614A1D5F2627506300A72AE2 /* Hackwich11UITests */ = {
			isa = PBXGroup;
			children = (
				614A1D602627506300A72AE2 /* Hackwich11UITests.swift */,
				614A1D622627506300A72AE2 /* Info.plist */,
			);
			path = Hackwich11UITests;
			sourceTree = "<group>";
		};
/* End PBXGroup section */

/* Begin PBXNativeTarget section */
		614A1D3A2627506000A72AE2 /* Hackwich11 */ = {
			isa = PBXNativeTarget;
			buildConfigurationList = 614A1D652627506300A72AE2 /* Build configuration list for PBXNativeTarget "Hackwich11" */;
			buildPhases = (
				614A1D372627506000A72AE2 /* Sources */,
				614A1D382627506000A72AE2 /* Frameworks */,
				614A1D392627506000A72AE2 /* Resources */,
			);
			buildRules = (
			);
			dependencies = (
			);
			name = Hackwich11;
			productName = Hackwich11;
			productReference = 614A1D3B2627506000A72AE2 /* Hackwich11.app */;
			productType = "com.apple.product-type.application";
		};
		614A1D502627506300A72AE2 /* Hackwich11Tests */ = {
			isa = PBXNativeTarget;
			buildConfigurationList = 614A1D682627506300A72AE2 /* Build configuration list for PBXNativeTarget "Hackwich11Tests" */;
			buildPhases = (
				614A1D4D2627506300A72AE2 /* Sources */,
				614A1D4E2627506300A72AE2 /* Frameworks */,
				614A1D4F2627506300A72AE2 /* Resources */,
			);
			buildRules = (
			);
			dependencies = (
				614A1D532627506300A72AE2 /* PBXTargetDependency */,
			);
			name = Hackwich11Tests;
			productName = Hackwich11Tests;
			productReference = 614A1D512627506300A72AE2 /* Hackwich11Tests.xctest */;
			productType = "com.apple.product-type.bundle.unit-test";
		};
		614A1D5B2627506300A72AE2 /* Hackwich11UITests */ = {
			isa = PBXNativeTarget;
			buildConfigurationList = 614A1D6B2627506300A72AE2 /* Build configuration list for PBXNativeTarget "Hackwich11UITests" */;
			buildPhases = (
				614A1D582627506300A72AE2 /* Sources */,
				614A1D592627506300A72AE2 /* Frameworks */,
				614A1D5A2627506300A72AE2 /* Resources */,
			);
			buildRules = (
			);
			dependencies = (
				614A1D5E2627506300A72AE2 /* PBXTargetDependency */,
			);
			name = Hackwich11UITests;
			productName = Hackwich11UITests;
			productReference = 614A1D5C2627506300A72AE2 /* Hackwich11UITests.xctest */;
			productType = "com.apple.product-type.bundle.ui-testing";
		};
/* End PBXNativeTarget section */

/* Begin PBXProject section */
		614A1D332627506000A72AE2 /* Project object */ = {
			isa = PBXProject;
			attributes = {
				LastSwiftUpdateCheck = 1240;
				LastUpgradeCheck = 1240;
				TargetAttributes = {
					614A1D3A2627506000A72AE2 = {
						CreatedOnToolsVersion = 12.4;
					};
					614A1D502627506300A72AE2 = {
						CreatedOnToolsVersion = 12.4;
						TestTargetID = 614A1D3A2627506000A72AE2;
					};
					614A1D5B2627506300A72AE2 = {
						CreatedOnToolsVersion = 12.4;
						TestTargetID = 614A1D3A2627506000A72AE2;
					};
				};
			};
			buildConfigurationList = 614A1D362627506000A72AE2 /* Build configuration list for PBXProject "Hackwich11" */;
			compatibilityVersion = "Xcode 9.3";
			developmentRegion = en;
			hasScannedForEncodings = 0;
			knownRegions = (
				en,
				Base,
			);
			mainGroup = 614A1D322627506000A72AE2;
			productRefGroup = 614A1D3C2627506000A72AE2 /* Products */;
			projectDirPath = "";
			projectRoot = "";
			targets = (
				614A1D3A2627506000A72AE2 /* Hackwich11 */,
				614A1D502627506300A72AE2 /* Hackwich11Tests */,
				614A1D5B2627506300A72AE2 /* Hackwich11UITests */,
			);
		};
/* End PBXProject section */

/* Begin PBXResourcesBuildPhase section */
		614A1D392627506000A72AE2 /* Resources */ = {
			isa = PBXResourcesBuildPhase;
			buildActionMask = 2147483647;
			files = (
				614A1D4B2627506300A72AE2 /* LaunchScreen.storyboard in Resources */,
				614A1D482627506300A72AE2 /* Assets.xcassets in Resources */,
				614A1D462627506000A72AE2 /* Main.storyboard in Resources */,
			);
			runOnlyForDeploymentPostprocessing = 0;
		};
		614A1D4F2627506300A72AE2 /* Resources */ = {
			isa = PBXResourcesBuildPhase;
			buildActionMask = 2147483647;
			files = (
			);
			runOnlyForDeploymentPostprocessing = 0;
		};
		614A1D5A2627506300A72AE2 /* Resources */ = {
			isa = PBXResourcesBuildPhase;
			buildActionMask = 2147483647;
			files = (
			);
			runOnlyForDeploymentPostprocessing = 0;
		};
/* End PBXResourcesBuildPhase section */

/* Begin PBXSourcesBuildPhase section */
		614A1D372627506000A72AE2 /* Sources */ = {
			isa = PBXSourcesBuildPhase;
			buildActionMask = 2147483647;
			files = (
				614A1D432627506000A72AE2 /* ViewController.swift in Sources */,
				614A1D75262753F300A72AE2 /* RestaurantAnnotation.swift in Sources */,
				614A1D3F2627506000A72AE2 /* AppDelegate.swift in Sources */,
				614A1D412627506000A72AE2 /* SceneDelegate.swift in Sources */,
			);
			runOnlyForDeploymentPostprocessing = 0;
		};
		614A1D4D2627506300A72AE2 /* Sources */ = {
			isa = PBXSourcesBuildPhase;
			buildActionMask = 2147483647;
			files = (
				614A1D562627506300A72AE2 /* Hackwich11Tests.swift in Sources */,
			);
			runOnlyForDeploymentPostprocessing = 0;
		};
		614A1D582627506300A72AE2 /* Sources */ = {
			isa = PBXSourcesBuildPhase;
			buildActionMask = 2147483647;
			files = (
				614A1D612627506300A72AE2 /* Hackwich11UITests.swift in Sources */,
			);
			runOnlyForDeploymentPostprocessing = 0;
		};
/* End PBXSourcesBuildPhase section */

/* Begin PBXTargetDependency section */
		614A1D532627506300A72AE2 /* PBXTargetDependency */ = {
			isa = PBXTargetDependency;
			target = 614A1D3A2627506000A72AE2 /* Hackwich11 */;
			targetProxy = 614A1D522627506300A72AE2 /* PBXContainerItemProxy */;
		};
		614A1D5E2627506300A72AE2 /* PBXTargetDependency */ = {
			isa = PBXTargetDependency;
			target = 614A1D3A2627506000A72AE2 /* Hackwich11 */;
			targetProxy = 614A1D5D2627506300A72AE2 /* PBXContainerItemProxy */;
		};
/* End PBXTargetDependency section */

/* Begin PBXVariantGroup section */
		614A1D442627506000A72AE2 /* Main.storyboard */ = {
			isa = PBXVariantGroup;
			children = (
				614A1D452627506000A72AE2 /* Base */,
			);
			name = Main.storyboard;
			sourceTree = "<group>";
		};
		614A1D492627506300A72AE2 /* LaunchScreen.storyboard */ = {
			isa = PBXVariantGroup;
			children = (
				614A1D4A2627506300A72AE2 /* Base */,
			);
			name = LaunchScreen.storyboard;
			sourceTree = "<group>";
		};
/* End PBXVariantGroup section */

/* Begin XCBuildConfiguration section */
		614A1D632627506300A72AE2 /* Debug */ = {
			isa = XCBuildConfiguration;
			buildSettings = {
				ALWAYS_SEARCH_USER_PATHS = NO;
				CLANG_ANALYZER_NONNULL = YES;
				CLANG_ANALYZER_NUMBER_OBJECT_CONVERSION = YES_AGGRESSIVE;
				CLANG_CXX_LANGUAGE_STANDARD = "gnu++14";
				CLANG_CXX_LIBRARY = "libc++";
				CLANG_ENABLE_MODULES = YES;
				CLANG_ENABLE_OBJC_ARC = YES;
				CLANG_ENABLE_OBJC_WEAK = YES;
				CLANG_WARN_BLOCK_CAPTURE_AUTORELEASING = YES;
				CLANG_WARN_BOOL_CONVERSION = YES;
				CLANG_WARN_COMMA = YES;
				CLANG_WARN_CONSTANT_CONVERSION = YES;
				CLANG_WARN_DEPRECATED_OBJC_IMPLEMENTATIONS = YES;
				CLANG_WARN_DIRECT_OBJC_ISA_USAGE = YES_ERROR;
				CLANG_WARN_DOCUMENTATION_COMMENTS = YES;
				CLANG_WARN_EMPTY_BODY = YES;
				CLANG_WARN_ENUM_CONVERSION = YES;
				CLANG_WARN_INFINITE_RECURSION = YES;
				CLANG_WARN_INT_CONVERSION = YES;
				CLANG_WARN_NON_LITERAL_NULL_CONVERSION = YES;
				CLANG_WARN_OBJC_IMPLICIT_RETAIN_SELF = YES;
				CLANG_WARN_OBJC_LITERAL_CONVERSION = YES;
				CLANG_WARN_OBJC_ROOT_CLASS = YES_ERROR;
				CLANG_WARN_QUOTED_INCLUDE_IN_FRAMEWORK_HEADER = YES;
				CLANG_WARN_RANGE_LOOP_ANALYSIS = YES;
				CLANG_WARN_STRICT_PROTOTYPES = YES;
				CLANG_WARN_SUSPICIOUS_MOVE = YES;
				CLANG_WARN_UNGUARDED_AVAILABILITY = YES_AGGRESSIVE;
				CLANG_WARN_UNREACHABLE_CODE = YES;
				CLANG_WARN__DUPLICATE_METHOD_MATCH = YES;
				COPY_PHASE_STRIP = NO;
				DEBUG_INFORMATION_FORMAT = dwarf;
				ENABLE_STRICT_OBJC_MSGSEND = YES;
				ENABLE_TESTABILITY = YES;
				GCC_C_LANGUAGE_STANDARD = gnu11;
				GCC_DYNAMIC_NO_PIC = NO;
				GCC_NO_COMMON_BLOCKS = YES;
				GCC_OPTIMIZATION_LEVEL = 0;
				GCC_PREPROCESSOR_DEFINITIONS = (
					"DEBUG=1",
					"$(inherited)",
				);
				GCC_WARN_64_TO_32_BIT_CONVERSION = YES;
				GCC_WARN_ABOUT_RETURN_TYPE = YES_ERROR;
				GCC_WARN_UNDECLARED_SELECTOR = YES;
				GCC_WARN_UNINITIALIZED_AUTOS = YES_AGGRESSIVE;
				GCC_WARN_UNUSED_FUNCTION = YES;
				GCC_WARN_UNUSED_VARIABLE = YES;
				IPHONEOS_DEPLOYMENT_TARGET = 14.4;
				MTL_ENABLE_DEBUG_INFO = INCLUDE_SOURCE;
				MTL_FAST_MATH = YES;
				ONLY_ACTIVE_ARCH = YES;
				SDKROOT = iphoneos;
				SWIFT_ACTIVE_COMPILATION_CONDITIONS = DEBUG;
				SWIFT_OPTIMIZATION_LEVEL = "-Onone";
			};
			name = Debug;
		};
		614A1D642627506300A72AE2 /* Release */ = {
			isa = XCBuildConfiguration;
			buildSettings = {
				ALWAYS_SEARCH_USER_PATHS = NO;
				CLANG_ANALYZER_NONNULL = YES;
				CLANG_ANALYZER_NUMBER_OBJECT_CONVERSION = YES_AGGRESSIVE;
				CLANG_CXX_LANGUAGE_STANDARD = "gnu++14";
				CLANG_CXX_LIBRARY = "libc++";
				CLANG_ENABLE_MODULES = YES;
				CLANG_ENABLE_OBJC_ARC = YES;
				CLANG_ENABLE_OBJC_WEAK = YES;
				CLANG_WARN_BLOCK_CAPTURE_AUTORELEASING = YES;
				CLANG_WARN_BOOL_CONVERSION = YES;
				CLANG_WARN_COMMA = YES;
				CLANG_WARN_CONSTANT_CONVERSION = YES;
				CLANG_WARN_DEPRECATED_OBJC_IMPLEMENTATIONS = YES;
				CLANG_WARN_DIRECT_OBJC_ISA_USAGE = YES_ERROR;
				CLANG_WARN_DOCUMENTATION_COMMENTS = YES;
				CLANG_WARN_EMPTY_BODY = YES;
				CLANG_WARN_ENUM_CONVERSION = YES;
				CLANG_WARN_INFINITE_RECURSION = YES;
				CLANG_WARN_INT_CONVERSION = YES;
				CLANG_WARN_NON_LITERAL_NULL_CONVERSION = YES;
				CLANG_WARN_OBJC_IMPLICIT_RETAIN_SELF = YES;
				CLANG_WARN_OBJC_LITERAL_CONVERSION = YES;
				CLANG_WARN_OBJC_ROOT_CLASS = YES_ERROR;
				CLANG_WARN_QUOTED_INCLUDE_IN_FRAMEWORK_HEADER = YES;
				CLANG_WARN_RANGE_LOOP_ANALYSIS = YES;
				CLANG_WARN_STRICT_PROTOTYPES = YES;
				CLANG_WARN_SUSPICIOUS_MOVE = YES;
				CLANG_WARN_UNGUARDED_AVAILABILITY = YES_AGGRESSIVE;
				CLANG_WARN_UNREACHABLE_CODE = YES;
				CLANG_WARN__DUPLICATE_METHOD_MATCH = YES;
				COPY_PHASE_STRIP = NO;
				DEBUG_INFORMATION_FORMAT = "dwarf-with-dsym";
				ENABLE_NS_ASSERTIONS = NO;
				ENABLE_STRICT_OBJC_MSGSEND = YES;
				GCC_C_LANGUAGE_STANDARD = gnu11;
				GCC_NO_COMMON_BLOCKS = YES;
				GCC_WARN_64_TO_32_BIT_CONVERSION = YES;
				GCC_WARN_ABOUT_RETURN_TYPE = YES_ERROR;
				GCC_WARN_UNDECLARED_SELECTOR = YES;
				GCC_WARN_UNINITIALIZED_AUTOS = YES_AGGRESSIVE;
				GCC_WARN_UNUSED_FUNCTION = YES;
				GCC_WARN_UNUSED_VARIABLE = YES;
				IPHONEOS_DEPLOYMENT_TARGET = 14.4;
				MTL_ENABLE_DEBUG_INFO = NO;
				MTL_FAST_MATH = YES;
				SDKROOT = iphoneos;
				SWIFT_COMPILATION_MODE = wholemodule;
				SWIFT_OPTIMIZATION_LEVEL = "-O";
				VALIDATE_PRODUCT = YES;
			};
			name = Release;
		};
		614A1D662627506300A72AE2 /* Debug */ = {
			isa = XCBuildConfiguration;
			buildSettings = {
				ASSETCATALOG_COMPILER_APPICON_NAME = AppIcon;
				ASSETCATALOG_COMPILER_GLOBAL_ACCENT_COLOR_NAME = AccentColor;
				CODE_SIGN_STYLE = Automatic;
				DEVELOPMENT_TEAM = 497KL9CLYY;
				INFOPLIST_FILE = Hackwich11/Info.plist;
				LD_RUNPATH_SEARCH_PATHS = (
					"$(inherited)",
					"@executable_path/Frameworks",
				);
				PRODUCT_BUNDLE_IDENTIFIER = uhwo.Hackwich11;
				PRODUCT_NAME = "$(TARGET_NAME)";
				SWIFT_VERSION = 5.0;
				TARGETED_DEVICE_FAMILY = "1,2";
			};
			name = Debug;
		};
		614A1D672627506300A72AE2 /* Release */ = {
			isa = XCBuildConfiguration;
			buildSettings = {
				ASSETCATALOG_COMPILER_APPICON_NAME = AppIcon;
				ASSETCATALOG_COMPILER_GLOBAL_ACCENT_COLOR_NAME = AccentColor;
				CODE_SIGN_STYLE = Automatic;
				DEVELOPMENT_TEAM = 497KL9CLYY;
				INFOPLIST_FILE = Hackwich11/Info.plist;
				LD_RUNPATH_SEARCH_PATHS = (
					"$(inherited)",
					"@executable_path/Frameworks",
				);
				PRODUCT_BUNDLE_IDENTIFIER = uhwo.Hackwich11;
				PRODUCT_NAME = "$(TARGET_NAME)";
				SWIFT_VERSION = 5.0;
				TARGETED_DEVICE_FAMILY = "1,2";
			};
			name = Release;
		};
		614A1D692627506300A72AE2 /* Debug */ = {
			isa = XCBuildConfiguration;
			buildSettings = {
				ALWAYS_EMBED_SWIFT_STANDARD_LIBRARIES = YES;
				BUNDLE_LOADER = "$(TEST_HOST)";
				CODE_SIGN_STYLE = Automatic;
				DEVELOPMENT_TEAM = 497KL9CLYY;
				INFOPLIST_FILE = Hackwich11Tests/Info.plist;
				IPHONEOS_DEPLOYMENT_TARGET = 14.4;
				LD_RUNPATH_SEARCH_PATHS = (
					"$(inherited)",
					"@executable_path/Frameworks",
					"@loader_path/Frameworks",
				);
				PRODUCT_BUNDLE_IDENTIFIER = uhwo.Hackwich11Tests;
				PRODUCT_NAME = "$(TARGET_NAME)";
				SWIFT_VERSION = 5.0;
				TARGETED_DEVICE_FAMILY = "1,2";
				TEST_HOST = "$(BUILT_PRODUCTS_DIR)/Hackwich11.app/Hackwich11";
			};
			name = Debug;
		};
		614A1D6A2627506300A72AE2 /* Release */ = {
			isa = XCBuildConfiguration;
			buildSettings = {
				ALWAYS_EMBED_SWIFT_STANDARD_LIBRARIES = YES;
				BUNDLE_LOADER = "$(TEST_HOST)";
				CODE_SIGN_STYLE = Automatic;
				DEVELOPMENT_TEAM = 497KL9CLYY;
				INFOPLIST_FILE = Hackwich11Tests/Info.plist;
				IPHONEOS_DEPLOYMENT_TARGET = 14.4;
				LD_RUNPATH_SEARCH_PATHS = (
					"$(inherited)",
					"@executable_path/Frameworks",
					"@loader_path/Frameworks",
				);
				PRODUCT_BUNDLE_IDENTIFIER = uhwo.Hackwich11Tests;
				PRODUCT_NAME = "$(TARGET_NAME)";
				SWIFT_VERSION = 5.0;
				TARGETED_DEVICE_FAMILY = "1,2";
				TEST_HOST = "$(BUILT_PRODUCTS_DIR)/Hackwich11.app/Hackwich11";
			};
			name = Release;
		};
		614A1D6C2627506300A72AE2 /* Debug */ = {
			isa = XCBuildConfiguration;
			buildSettings = {
				ALWAYS_EMBED_SWIFT_STANDARD_LIBRARIES = YES;
				CODE_SIGN_STYLE = Automatic;
				DEVELOPMENT_TEAM = 497KL9CLYY;
				INFOPLIST_FILE = Hackwich11UITests/Info.plist;
				LD_RUNPATH_SEARCH_PATHS = (
					"$(inherited)",
					"@executable_path/Frameworks",
					"@loader_path/Frameworks",
				);
				PRODUCT_BUNDLE_IDENTIFIER = uhwo.Hackwich11UITests;
				PRODUCT_NAME = "$(TARGET_NAME)";
				SWIFT_VERSION = 5.0;
				TARGETED_DEVICE_FAMILY = "1,2";
				TEST_TARGET_NAME = Hackwich11;
			};
			name = Debug;
		};
		614A1D6D2627506300A72AE2 /* Release */ = {
			isa = XCBuildConfiguration;
			buildSettings = {
				ALWAYS_EMBED_SWIFT_STANDARD_LIBRARIES = YES;
				CODE_SIGN_STYLE = Automatic;
				DEVELOPMENT_TEAM = 497KL9CLYY;
				INFOPLIST_FILE = Hackwich11UITests/Info.plist;
				LD_RUNPATH_SEARCH_PATHS = (
					"$(inherited)",
					"@executable_path/Frameworks",
					"@loader_path/Frameworks",
				);
				PRODUCT_BUNDLE_IDENTIFIER = uhwo.Hackwich11UITests;
				PRODUCT_NAME = "$(TARGET_NAME)";
				SWIFT_VERSION = 5.0;
				TARGETED_DEVICE_FAMILY = "1,2";
				TEST_TARGET_NAME = Hackwich11;
			};
			name = Release;
		};
/* End XCBuildConfiguration section */

/* Begin XCConfigurationList section */
		614A1D362627506000A72AE2 /* Build configuration list for PBXProject "Hackwich11" */ = {
			isa = XCConfigurationList;
			buildConfigurations = (
				614A1D632627506300A72AE2 /* Debug */,
				614A1D642627506300A72AE2 /* Release */,
			);
			defaultConfigurationIsVisible = 0;
			defaultConfigurationName = Release;
		};
		614A1D652627506300A72AE2 /* Build configuration list for PBXNativeTarget "Hackwich11" */ = {
			isa = XCConfigurationList;
			buildConfigurations = (
				614A1D662627506300A72AE2 /* Debug */,
				614A1D672627506300A72AE2 /* Release */,
			);
			defaultConfigurationIsVisible = 0;
			defaultConfigurationName = Release;
		};
		614A1D682627506300A72AE2 /* Build configuration list for PBXNativeTarget "Hackwich11Tests" */ = {
			isa = XCConfigurationList;
			buildConfigurations = (
				614A1D692627506300A72AE2 /* Debug */,
				614A1D6A2627506300A72AE2 /* Release */,
			);
			defaultConfigurationIsVisible = 0;
			defaultConfigurationName = Release;
		};
		614A1D6B2627506300A72AE2 /* Build configuration list for PBXNativeTarget "Hackwich11UITests" */ = {
			isa = XCConfigurationList;
			buildConfigurations = (
				614A1D6C2627506300A72AE2 /* Debug */,
				614A1D6D2627506300A72AE2 /* Release */,
			);
			defaultConfigurationIsVisible = 0;
			defaultConfigurationName = Release;
		};
/* End XCConfigurationList section */
	};
	rootObject = 614A1D332627506000A72AE2 /* Project object */;
}
